
Microsoft Visual Studio Solution File, Format Version 12.00
# Visual Studio Version 16
VisualStudioVersion = 16.0.30114.105
MinimumVisualStudioVersion = 10.0.40219.1
Project("{FAE04EC0-301F-11D3-BF4B-00C04F79EFBC}") = "Application", "Application\Application.csproj", "{B8A53CC2-FD4F-434D-A827-9347C6845172}"
EndProject
Project("{FAE04EC0-301F-11D3-BF4B-00C04F79EFBC}") = "Persistence", "Persistence\Persistence.csproj", "{E837C4B6-60BC-42CE-8ACC-A6279EA46AC7}"
EndProject
Project("{FAE04EC0-301F-11D3-BF4B-00C04F79EFBC}") = "Domain", "Domain\Domain.csproj", "{F732E75D-AF5E-4DE4-852F-26CC5FF6233F}"
EndProject
Global
	GlobalSection(SolutionConfigurationPlatforms) = preSolution
		Debug|Any CPU = Debug|Any CPU
		Debug|x64 = Debug|x64
		Debug|x86 = Debug|x86
		Release|Any CPU = Release|Any CPU
		Release|x64 = Release|x64
		Release|x86 = Release|x86
	EndGlobalSection
	GlobalSection(SolutionProperties) = preSolution
		HideSolutionNode = FALSE
	EndGlobalSection
	GlobalSection(ProjectConfigurationPlatforms) = postSolution
		{B8A53CC2-FD4F-434D-A827-9347C6845172}.Debug|Any CPU.ActiveCfg = Debug|Any CPU
		{B8A53CC2-FD4F-434D-A827-9347C6845172}.Debug|Any CPU.Build.0 = Debug|Any CPU
		{B8A53CC2-FD4F-434D-A827-9347C6845172}.Debug|x64.ActiveCfg = Debug|Any CPU
		{B8A53CC2-FD4F-434D-A827-9347C6845172}.Debug|x64.Build.0 = Debug|Any CPU
		{B8A53CC2-FD4F-434D-A827-9347C6845172}.Debug|x86.ActiveCfg = Debug|Any CPU
		{B8A53CC2-FD4F-434D-A827-9347C6845172}.Debug|x86.Build.0 = Debug|Any CPU
		{B8A53CC2-FD4F-434D-A827-9347C6845172}.Release|Any CPU.ActiveCfg = Release|Any CPU
		{B8A53CC2-FD4F-434D-A827-9347C6845172}.Release|Any CPU.Build.0 = Release|Any CPU
		{B8A53CC2-FD4F-434D-A827-9347C6845172}.Release|x64.ActiveCfg = Release|Any CPU
		{B8A53CC2-FD4F-434D-A827-9347C6845172}.Release|x64.Build.0 = Release|Any CPU
		{B8A53CC2-FD4F-434D-A827-9347C6845172}.Release|x86.ActiveCfg = Release|Any CPU
		{B8A53CC2-FD4F-434D-A827-9347C6845172}.Release|x86.Build.0 = Release|Any CPU
		{E837C4B6-60BC-42CE-8ACC-A6279EA46AC7}.Debug|Any CPU.ActiveCfg = Debug|Any CPU
		{E837C4B6-60BC-42CE-8ACC-A6279EA46AC7}.Debug|Any CPU.Build.0 = Debug|Any CPU
		{E837C4B6-60BC-42CE-8ACC-A6279EA46AC7}.Debug|x64.ActiveCfg = Debug|Any CPU
		{E837C4B6-60BC-42CE-8ACC-A6279EA46AC7}.Debug|x64.Build.0 = Debug|Any CPU
		{E837C4B6-60BC-42CE-8ACC-A6279EA46AC7}.Debug|x86.ActiveCfg = Debug|Any CPU
		{E837C4B6-60BC-42CE-8ACC-A6279EA46AC7}.Debug|x86.Build.0 = Debug|Any CPU
		{E837C4B6-60BC-42CE-8ACC-A6279EA46AC7}.Release|Any CPU.ActiveCfg = Release|Any CPU
		{E837C4B6-60BC-42CE-8ACC-A6279EA46AC7}.Release|Any CPU.Build.0 = Release|Any CPU
		{E837C4B6-60BC-42CE-8ACC-A6279EA46AC7}.Release|x64.ActiveCfg = Release|Any CPU
		{E837C4B6-60BC-42CE-8ACC-A6279EA46AC7}.Release|x64.Build.0 = Release|Any CPU
		{E837C4B6-60BC-42CE-8ACC-A6279EA46AC7}.Release|x86.ActiveCfg = Release|Any CPU
		{E837C4B6-60BC-42CE-8ACC-A6279EA46AC7}.Release|x86.Build.0 = Release|Any CPU
		{F732E75D-AF5E-4DE4-852F-26CC5FF6233F}.Debug|Any CPU.ActiveCfg = Debug|Any CPU
		{F732E75D-AF5E-4DE4-852F-26CC5FF6233F}.Debug|Any CPU.Build.0 = Debug|Any CPU
		{F732E75D-AF5E-4DE4-852F-26CC5FF6233F}.Debug|x64.ActiveCfg = Debug|Any CPU
		{F732E75D-AF5E-4DE4-852F-26CC5FF6233F}.Debug|x64.Build.0 = Debug|Any CPU
		{F732E75D-AF5E-4DE4-852F-26CC5FF6233F}.Debug|x86.ActiveCfg = Debug|Any CPU
		{F732E75D-AF5E-4DE4-852F-26CC5FF6233F}.Debug|x86.Build.0 = Debug|Any CPU
		{F732E75D-AF5E-4DE4-852F-26CC5FF6233F}.Release|Any CPU.ActiveCfg = Release|Any CPU
		{F732E75D-AF5E-4DE4-852F-26CC5FF6233F}.Release|Any CPU.Build.0 = Release|Any CPU
		{F732E75D-AF5E-4DE4-852F-26CC5FF6233F}.Release|x64.ActiveCfg = Release|Any CPU
		{F732E75D-AF5E-4DE4-852F-26CC5FF6233F}.Release|x64.Build.0 = Release|Any CPU
		{F732E75D-AF5E-4DE4-852F-26CC5FF6233F}.Release|x86.ActiveCfg = Release|Any CPU
		{F732E75D-AF5E-4DE4-852F-26CC5FF6233F}.Release|x86.Build.0 = Release|Any CPU
	EndGlobalSection
EndGlobal
